
Microsoft Visual Studio Solution File, Format Version 12.00
# Visual Studio Version 17
VisualStudioVersion = 17.8.34330.188
MinimumVisualStudioVersion = 10.0.40219.1
Project("{FAE04EC0-301F-11D3-BF4B-00C04F79EFBC}") = "BookStore.Api", "BookStore.Api\BookStore.Api.csproj", "{4992DFE3-5290-46EB-8B11-7C7EB86912DE}"
EndProject
Project("{FAE04EC0-301F-11D3-BF4B-00C04F79EFBC}") = "BookStore.Data", "BookStore.Data\BookStore.Data.csproj", "{3A76BF1B-555C-4056-8310-066C4724BB17}"
EndProject
Global
	GlobalSection(SolutionConfigurationPlatforms) = preSolution
		Debug|Any CPU = Debug|Any CPU
		Release|Any CPU = Release|Any CPU
	EndGlobalSection
	GlobalSection(ProjectConfigurationPlatforms) = postSolution
		{4992DFE3-5290-46EB-8B11-7C7EB86912DE}.Debug|Any CPU.ActiveCfg = Debug|Any CPU
		{4992DFE3-5290-46EB-8B11-7C7EB86912DE}.Debug|Any CPU.Build.0 = Debug|Any CPU
		{4992DFE3-5290-46EB-8B11-7C7EB86912DE}.Release|Any CPU.ActiveCfg = Release|Any CPU
		{4992DFE3-5290-46EB-8B11-7C7EB86912DE}.Release|Any CPU.Build.0 = Release|Any CPU
		{3A76BF1B-555C-4056-8310-066C4724BB17}.Debug|Any CPU.ActiveCfg = Debug|Any CPU
		{3A76BF1B-555C-4056-8310-066C4724BB17}.Debug|Any CPU.Build.0 = Debug|Any CPU
		{3A76BF1B-555C-4056-8310-066C4724BB17}.Release|Any CPU.ActiveCfg = Release|Any CPU
		{3A76BF1B-555C-4056-8310-066C4724BB17}.Release|Any CPU.Build.0 = Release|Any CPU
	EndGlobalSection
	GlobalSection(SolutionProperties) = preSolution
		HideSolutionNode = FALSE
	EndGlobalSection
	GlobalSection(ExtensibilityGlobals) = postSolution
		SolutionGuid = {6EE72B39-1890-4F67-A893-6D08636640B5}
	EndGlobalSection
EndGlobal
